// !$*UTF8*$!
{
	archiveVersion = 1;
	classes = {
	};
	objectVersion = 60;
	objects = {

/* Begin PBXBuildFile section */
		0F12A4242C20C91A007E0B47 /* AppView.swift in Sources */ = {isa = PBXBuildFile; fileRef = 0F12A4232C20C91A007E0B47 /* AppView.swift */; };
		0F12A4262C20C91B007E0B47 /* Assets.xcassets in Resources */ = {isa = PBXBuildFile; fileRef = 0F12A4252C20C91B007E0B47 /* Assets.xcassets */; };
		0F12A4292C20C91B007E0B47 /* Preview Assets.xcassets in Resources */ = {isa = PBXBuildFile; fileRef = 0F12A4282C20C91B007E0B47 /* Preview Assets.xcassets */; };
		0F12A4322C20C980007E0B47 /* Sparkle in Frameworks */ = {isa = PBXBuildFile; productRef = 0F12A4312C20C980007E0B47 /* Sparkle */; };
		0F12A4352C20C9A5007E0B47 /* main.swift in Sources */ = {isa = PBXBuildFile; fileRef = 0F12A4342C20C9A4007E0B47 /* main.swift */; };
		0F12A4382C20C9CB007E0B47 /* AppDelegate.swift in Sources */ = {isa = PBXBuildFile; fileRef = 0F12A4372C20C9C8007E0B47 /* AppDelegate.swift */; };
		0F12A4482C20CA08007E0B47 /* MainMenu.swift in Sources */ = {isa = PBXBuildFile; fileRef = 0F12A4442C20CA08007E0B47 /* MainMenu.swift */; };
		0F12A4842C20D036007E0B47 /* main.swift in Sources */ = {isa = PBXBuildFile; fileRef = 0F12A4832C20D036007E0B47 /* main.swift */; };
		0F12A48F2C20D1D5007E0B47 /* AppViewModel.swift in Sources */ = {isa = PBXBuildFile; fileRef = 0F12A48E2C20D1D3007E0B47 /* AppViewModel.swift */; };
		0F12A49A2C20DB09007E0B47 /* CommandLineTool in Copy CommandLineTool */ = {isa = PBXBuildFile; fileRef = 0F12A4812C20D036007E0B47 /* CommandLineTool */; settings = {ATTRIBUTES = (CodeSignOnCopy, ); }; };
		0F12A4A22C20DC99007E0B47 /* XPCService.swift in Sources */ = {isa = PBXBuildFile; fileRef = 0F12A4A12C20DC99007E0B47 /* XPCService.swift */; };
		0F12A4A62C20DC9A007E0B47 /* main.swift in Sources */ = {isa = PBXBuildFile; fileRef = 0F12A4A52C20DC9A007E0B47 /* main.swift */; };
		0F12A4AC2C20DC9A007E0B47 /* XPCService.xpc in Embed XPC Services */ = {isa = PBXBuildFile; fileRef = 0F12A49F2C20DC99007E0B47 /* XPCService.xpc */; settings = {ATTRIBUTES = (RemoveHeadersOnCopy, ); }; };
		0F12A4D92C235C5F007E0B47 /* ExamplePlugin.swift in Sources */ = {isa = PBXBuildFile; fileRef = 0F12A4D82C235C54007E0B47 /* ExamplePlugin.swift */; };
		0F12A4DB2C235DDA007E0B47 /* ExamplePlugin.bundle in Copy ExamplePlugin (1 item) */ = {isa = PBXBuildFile; fileRef = 0F12A4CF2C235AD5007E0B47 /* ExamplePlugin.bundle */; settings = {ATTRIBUTES = (CodeSignOnCopy, RemoveHeadersOnCopy, ); }; };
		0F141DBE2C236B230022F125 /* SharedFramework.h in Headers */ = {isa = PBXBuildFile; fileRef = 0F141DBD2C236B230022F125 /* SharedFramework.h */; settings = {ATTRIBUTES = (Public, ); }; };
		0F141DC12C236B230022F125 /* SharedFramework.framework in Frameworks */ = {isa = PBXBuildFile; fileRef = 0F141DBB2C236B230022F125 /* SharedFramework.framework */; };
		0F141DC22C236B230022F125 /* SharedFramework.framework in Embed Frameworks */ = {isa = PBXBuildFile; fileRef = 0F141DBB2C236B230022F125 /* SharedFramework.framework */; settings = {ATTRIBUTES = (CodeSignOnCopy, RemoveHeadersOnCopy, ); }; };
		0F141DC72C236B3E0022F125 /* XPCServiceProtocol.swift in Sources */ = {isa = PBXBuildFile; fileRef = 0F12A4B02C20DD29007E0B47 /* XPCServiceProtocol.swift */; };
		0F141DC82C236B480022F125 /* Plugin.swift in Sources */ = {isa = PBXBuildFile; fileRef = 0F12A4D42C235C31007E0B47 /* Plugin.swift */; };
		0F141DC92C236B7A0022F125 /* SharedFramework.framework in Frameworks */ = {isa = PBXBuildFile; fileRef = 0F141DBB2C236B230022F125 /* SharedFramework.framework */; };
		0F141DCE2C236BBF0022F125 /* SharedFramework.framework in Frameworks */ = {isa = PBXBuildFile; fileRef = 0F141DBB2C236B230022F125 /* SharedFramework.framework */; };
/* End PBXBuildFile section */

/* Begin PBXContainerItemProxy section */
		0F12A4A92C20DC9A007E0B47 /* PBXContainerItemProxy */ = {
			isa = PBXContainerItemProxy;
			containerPortal = 0F12A4162C20C91A007E0B47 /* Project object */;
			proxyType = 1;
			remoteGlobalIDString = 0F12A49E2C20DC99007E0B47;
			remoteInfo = XPCService;
		};
		0F141DBF2C236B230022F125 /* PBXContainerItemProxy */ = {
			isa = PBXContainerItemProxy;
			containerPortal = 0F12A4162C20C91A007E0B47 /* Project object */;
			proxyType = 1;
			remoteGlobalIDString = 0F141DBA2C236B230022F125;
			remoteInfo = SharedFramework;
		};
		0F141DCB2C236B7A0022F125 /* PBXContainerItemProxy */ = {
			isa = PBXContainerItemProxy;
			containerPortal = 0F12A4162C20C91A007E0B47 /* Project object */;
			proxyType = 1;
			remoteGlobalIDString = 0F141DBA2C236B230022F125;
			remoteInfo = SharedFramework;
		};
		0F141DD02C236BBF0022F125 /* PBXContainerItemProxy */ = {
			isa = PBXContainerItemProxy;
			containerPortal = 0F12A4162C20C91A007E0B47 /* Project object */;
			proxyType = 1;
			remoteGlobalIDString = 0F141DBA2C236B230022F125;
			remoteInfo = SharedFramework;
		};
/* End PBXContainerItemProxy section */

/* Begin PBXCopyFilesBuildPhase section */
		0F12A47F2C20D036007E0B47 /* CopyFiles */ = {
			isa = PBXCopyFilesBuildPhase;
			buildActionMask = 2147483647;
			dstPath = /usr/share/man/man1/;
			dstSubfolderSpec = 0;
			files = (
			);
			runOnlyForDeploymentPostprocessing = 1;
		};
		0F12A4992C20DAFA007E0B47 /* Copy CommandLineTool */ = {
			isa = PBXCopyFilesBuildPhase;
			buildActionMask = 2147483647;
			dstPath = "";
			dstSubfolderSpec = 6;
			files = (
				0F12A49A2C20DB09007E0B47 /* CommandLineTool in Copy CommandLineTool */,
			);
			name = "Copy CommandLineTool";
			runOnlyForDeploymentPostprocessing = 0;
		};
		0F12A4AB2C20DC9A007E0B47 /* Embed XPC Services */ = {
			isa = PBXCopyFilesBuildPhase;
			buildActionMask = 2147483647;
			dstPath = "$(CONTENTS_FOLDER_PATH)/XPCServices";
			dstSubfolderSpec = 16;
			files = (
				0F12A4AC2C20DC9A007E0B47 /* XPCService.xpc in Embed XPC Services */,
			);
			name = "Embed XPC Services";
			runOnlyForDeploymentPostprocessing = 0;
		};
		0F12A4DA2C235DBE007E0B47 /* Copy ExamplePlugin (1 item) */ = {
			isa = PBXCopyFilesBuildPhase;
			buildActionMask = 2147483647;
			dstPath = "";
			dstSubfolderSpec = 13;
			files = (
				0F12A4DB2C235DDA007E0B47 /* ExamplePlugin.bundle in Copy ExamplePlugin (1 item) */,
			);
			name = "Copy ExamplePlugin (1 item)";
			runOnlyForDeploymentPostprocessing = 0;
		};
		0F141DC32C236B230022F125 /* Embed Frameworks */ = {
			isa = PBXCopyFilesBuildPhase;
			buildActionMask = 2147483647;
			dstPath = "";
			dstSubfolderSpec = 10;
			files = (
				0F141DC22C236B230022F125 /* SharedFramework.framework in Embed Frameworks */,
			);
			name = "Embed Frameworks";
			runOnlyForDeploymentPostprocessing = 0;
		};
/* End PBXCopyFilesBuildPhase section */

/* Begin PBXFileReference section */
		0F12A41E2C20C91A007E0B47 /* SparkleTestApp.app */ = {isa = PBXFileReference; explicitFileType = wrapper.application; includeInIndex = 0; path = SparkleTestApp.app; sourceTree = BUILT_PRODUCTS_DIR; };
		0F12A4232C20C91A007E0B47 /* AppView.swift */ = {isa = PBXFileReference; lastKnownFileType = sourcecode.swift; path = AppView.swift; sourceTree = "<group>"; };
		0F12A4252C20C91B007E0B47 /* Assets.xcassets */ = {isa = PBXFileReference; lastKnownFileType = folder.assetcatalog; path = Assets.xcassets; sourceTree = "<group>"; };
		0F12A4282C20C91B007E0B47 /* Preview Assets.xcassets */ = {isa = PBXFileReference; lastKnownFileType = folder.assetcatalog; path = "Preview Assets.xcassets"; sourceTree = "<group>"; };
		0F12A42A2C20C91B007E0B47 /* SparkleTestApp.entitlements */ = {isa = PBXFileReference; lastKnownFileType = text.plist.entitlements; path = SparkleTestApp.entitlements; sourceTree = "<group>"; };
		0F12A4342C20C9A4007E0B47 /* main.swift */ = {isa = PBXFileReference; lastKnownFileType = sourcecode.swift; path = main.swift; sourceTree = "<group>"; };
		0F12A4372C20C9C8007E0B47 /* AppDelegate.swift */ = {isa = PBXFileReference; lastKnownFileType = sourcecode.swift; path = AppDelegate.swift; sourceTree = "<group>"; };
		0F12A4442C20CA08007E0B47 /* MainMenu.swift */ = {isa = PBXFileReference; lastKnownFileType = sourcecode.swift; path = MainMenu.swift; sourceTree = "<group>"; };
		0F12A4812C20D036007E0B47 /* CommandLineTool */ = {isa = PBXFileReference; explicitFileType = "compiled.mach-o.executable"; includeInIndex = 0; path = CommandLineTool; sourceTree = BUILT_PRODUCTS_DIR; };
		0F12A4832C20D036007E0B47 /* main.swift */ = {isa = PBXFileReference; lastKnownFileType = sourcecode.swift; path = main.swift; sourceTree = "<group>"; };
		0F12A4892C20D08E007E0B47 /* CommandLineTool */ = {isa = PBXFileReference; lastKnownFileType = folder; path = CommandLineTool; sourceTree = "<group>"; };
		0F12A48E2C20D1D3007E0B47 /* AppViewModel.swift */ = {isa = PBXFileReference; lastKnownFileType = sourcecode.swift; path = AppViewModel.swift; sourceTree = "<group>"; };
		0F12A49F2C20DC99007E0B47 /* XPCService.xpc */ = {isa = PBXFileReference; explicitFileType = "wrapper.xpc-service"; includeInIndex = 0; path = XPCService.xpc; sourceTree = BUILT_PRODUCTS_DIR; };
		0F12A4A12C20DC99007E0B47 /* XPCService.swift */ = {isa = PBXFileReference; lastKnownFileType = sourcecode.swift; path = XPCService.swift; sourceTree = "<group>"; };
		0F12A4A52C20DC9A007E0B47 /* main.swift */ = {isa = PBXFileReference; lastKnownFileType = sourcecode.swift; path = main.swift; sourceTree = "<group>"; };
		0F12A4A72C20DC9A007E0B47 /* Info.plist */ = {isa = PBXFileReference; lastKnownFileType = text.plist.xml; path = Info.plist; sourceTree = "<group>"; };
		0F12A4A82C20DC9A007E0B47 /* XPCService.entitlements */ = {isa = PBXFileReference; lastKnownFileType = text.plist.entitlements; path = XPCService.entitlements; sourceTree = "<group>"; };
		0F12A4B02C20DD29007E0B47 /* XPCServiceProtocol.swift */ = {isa = PBXFileReference; lastKnownFileType = sourcecode.swift; path = XPCServiceProtocol.swift; sourceTree = "<group>"; };
		0F12A4CF2C235AD5007E0B47 /* ExamplePlugin.bundle */ = {isa = PBXFileReference; explicitFileType = wrapper.cfbundle; includeInIndex = 0; path = ExamplePlugin.bundle; sourceTree = BUILT_PRODUCTS_DIR; };
		0F12A4D42C235C31007E0B47 /* Plugin.swift */ = {isa = PBXFileReference; lastKnownFileType = sourcecode.swift; path = Plugin.swift; sourceTree = "<group>"; };
		0F12A4D82C235C54007E0B47 /* ExamplePlugin.swift */ = {isa = PBXFileReference; lastKnownFileType = sourcecode.swift; path = ExamplePlugin.swift; sourceTree = "<group>"; };
		0F141DBB2C236B230022F125 /* SharedFramework.framework */ = {isa = PBXFileReference; explicitFileType = wrapper.framework; includeInIndex = 0; path = SharedFramework.framework; sourceTree = BUILT_PRODUCTS_DIR; };
		0F141DBD2C236B230022F125 /* SharedFramework.h */ = {isa = PBXFileReference; lastKnownFileType = sourcecode.c.h; path = SharedFramework.h; sourceTree = "<group>"; };
		0F141DD32C2374C30022F125 /* Info.plist */ = {isa = PBXFileReference; lastKnownFileType = text.plist; path = Info.plist; sourceTree = "<group>"; };
/* End PBXFileReference section */

/* Begin PBXFrameworksBuildPhase section */
		0F12A41B2C20C91A007E0B47 /* Frameworks */ = {
			isa = PBXFrameworksBuildPhase;
			buildActionMask = 2147483647;
			files = (
				0F141DC12C236B230022F125 /* SharedFramework.framework in Frameworks */,
				0F12A4322C20C980007E0B47 /* Sparkle in Frameworks */,
			);
			runOnlyForDeploymentPostprocessing = 0;
		};
		0F12A47E2C20D036007E0B47 /* Frameworks */ = {
			isa = PBXFrameworksBuildPhase;
			buildActionMask = 2147483647;
			files = (
			);
			runOnlyForDeploymentPostprocessing = 0;
		};
		0F12A49C2C20DC99007E0B47 /* Frameworks */ = {
			isa = PBXFrameworksBuildPhase;
			buildActionMask = 2147483647;
			files = (
				0F141DC92C236B7A0022F125 /* SharedFramework.framework in Frameworks */,
			);
			runOnlyForDeploymentPostprocessing = 0;
		};
		0F12A4CC2C235AD5007E0B47 /* Frameworks */ = {
			isa = PBXFrameworksBuildPhase;
			buildActionMask = 2147483647;
			files = (
				0F141DCE2C236BBF0022F125 /* SharedFramework.framework in Frameworks */,
			);
			runOnlyForDeploymentPostprocessing = 0;
		};
		0F141DB82C236B230022F125 /* Frameworks */ = {
			isa = PBXFrameworksBuildPhase;
			buildActionMask = 2147483647;
			files = (
			);
			runOnlyForDeploymentPostprocessing = 0;
		};
/* End PBXFrameworksBuildPhase section */

/* Begin PBXGroup section */
		0F12A4152C20C91A007E0B47 = {
			isa = PBXGroup;
			children = (
				0F12A4202C20C91A007E0B47 /* SparkleTestApp */,
				0F12A4822C20D036007E0B47 /* CommandLineTool */,
				0F12A4A02C20DC99007E0B47 /* XPCService */,
				0F12A4D32C235B62007E0B47 /* ExamplePlugin */,
				0F141DBC2C236B230022F125 /* SharedFramework */,
				0F12A41F2C20C91A007E0B47 /* Products */,
				0F12A4882C20D08E007E0B47 /* Frameworks */,
			);
			sourceTree = "<group>";
		};
		0F12A41F2C20C91A007E0B47 /* Products */ = {
			isa = PBXGroup;
			children = (
				0F12A41E2C20C91A007E0B47 /* SparkleTestApp.app */,
				0F12A4812C20D036007E0B47 /* CommandLineTool */,
				0F12A49F2C20DC99007E0B47 /* XPCService.xpc */,
				0F12A4CF2C235AD5007E0B47 /* ExamplePlugin.bundle */,
				0F141DBB2C236B230022F125 /* SharedFramework.framework */,
			);
			name = Products;
			sourceTree = "<group>";
		};
		0F12A4202C20C91A007E0B47 /* SparkleTestApp */ = {
			isa = PBXGroup;
			children = (
				0F12A4362C20C9BC007E0B47 /* App */,
				0F12A4342C20C9A4007E0B47 /* main.swift */,
				0F141DD32C2374C30022F125 /* Info.plist */,
				0F12A4252C20C91B007E0B47 /* Assets.xcassets */,
				0F12A42A2C20C91B007E0B47 /* SparkleTestApp.entitlements */,
				0F12A4272C20C91B007E0B47 /* Preview Content */,
			);
			path = SparkleTestApp;
			sourceTree = "<group>";
		};
		0F12A4272C20C91B007E0B47 /* Preview Content */ = {
			isa = PBXGroup;
			children = (
				0F12A4282C20C91B007E0B47 /* Preview Assets.xcassets */,
			);
			path = "Preview Content";
			sourceTree = "<group>";
		};
		0F12A4362C20C9BC007E0B47 /* App */ = {
			isa = PBXGroup;
			children = (
				0F12A4462C20CA08007E0B47 /* Menus */,
				0F12A4372C20C9C8007E0B47 /* AppDelegate.swift */,
				0F12A4232C20C91A007E0B47 /* AppView.swift */,
				0F12A48E2C20D1D3007E0B47 /* AppViewModel.swift */,
			);
			path = App;
			sourceTree = "<group>";
		};
		0F12A4462C20CA08007E0B47 /* Menus */ = {
			isa = PBXGroup;
			children = (
				0F12A4442C20CA08007E0B47 /* MainMenu.swift */,
			);
			path = Menus;
			sourceTree = "<group>";
		};
		0F12A4822C20D036007E0B47 /* CommandLineTool */ = {
			isa = PBXGroup;
			children = (
				0F12A4832C20D036007E0B47 /* main.swift */,
			);
			path = CommandLineTool;
			sourceTree = "<group>";
		};
		0F12A4882C20D08E007E0B47 /* Frameworks */ = {
			isa = PBXGroup;
			children = (
				0F12A4892C20D08E007E0B47 /* CommandLineTool */,
			);
			name = Frameworks;
			sourceTree = "<group>";
		};
		0F12A4A02C20DC99007E0B47 /* XPCService */ = {
			isa = PBXGroup;
			children = (
				0F12A4A12C20DC99007E0B47 /* XPCService.swift */,
				0F12A4A52C20DC9A007E0B47 /* main.swift */,
				0F12A4A72C20DC9A007E0B47 /* Info.plist */,
				0F12A4A82C20DC9A007E0B47 /* XPCService.entitlements */,
			);
			path = XPCService;
			sourceTree = "<group>";
		};
		0F12A4D32C235B62007E0B47 /* ExamplePlugin */ = {
			isa = PBXGroup;
			children = (
				0F12A4D82C235C54007E0B47 /* ExamplePlugin.swift */,
			);
			path = ExamplePlugin;
			sourceTree = "<group>";
		};
		0F141DBC2C236B230022F125 /* SharedFramework */ = {
			isa = PBXGroup;
			children = (
				0F12A4D42C235C31007E0B47 /* Plugin.swift */,
				0F12A4B02C20DD29007E0B47 /* XPCServiceProtocol.swift */,
				0F141DBD2C236B230022F125 /* SharedFramework.h */,
			);
			path = SharedFramework;
			sourceTree = "<group>";
		};
/* End PBXGroup section */

/* Begin PBXHeadersBuildPhase section */
		0F141DB62C236B230022F125 /* Headers */ = {
			isa = PBXHeadersBuildPhase;
			buildActionMask = 2147483647;
			files = (
				0F141DBE2C236B230022F125 /* SharedFramework.h in Headers */,
			);
			runOnlyForDeploymentPostprocessing = 0;
		};
/* End PBXHeadersBuildPhase section */

/* Begin PBXNativeTarget section */
		0F12A41D2C20C91A007E0B47 /* SparkleTestApp */ = {
			isa = PBXNativeTarget;
			buildConfigurationList = 0F12A42D2C20C91B007E0B47 /* Build configuration list for PBXNativeTarget "SparkleTestApp" */;
			buildPhases = (
				0F12A41A2C20C91A007E0B47 /* Sources */,
				0F12A41B2C20C91A007E0B47 /* Frameworks */,
				0F12A41C2C20C91A007E0B47 /* Resources */,
				0F12A4992C20DAFA007E0B47 /* Copy CommandLineTool */,
				0F12A4AB2C20DC9A007E0B47 /* Embed XPC Services */,
				0F12A4DA2C235DBE007E0B47 /* Copy ExamplePlugin (1 item) */,
				0F141DC32C236B230022F125 /* Embed Frameworks */,
			);
			buildRules = (
			);
			dependencies = (
				0F12A4AA2C20DC9A007E0B47 /* PBXTargetDependency */,
				0F141DC02C236B230022F125 /* PBXTargetDependency */,
			);
			name = SparkleTestApp;
			packageProductDependencies = (
				0F12A4312C20C980007E0B47 /* Sparkle */,
			);
			productName = SparkleTestApp;
			productReference = 0F12A41E2C20C91A007E0B47 /* SparkleTestApp.app */;
			productType = "com.apple.product-type.application";
		};
		0F12A4802C20D036007E0B47 /* CommandLineTool */ = {
			isa = PBXNativeTarget;
			buildConfigurationList = 0F12A4852C20D036007E0B47 /* Build configuration list for PBXNativeTarget "CommandLineTool" */;
			buildPhases = (
				0F12A47D2C20D036007E0B47 /* Sources */,
				0F12A47E2C20D036007E0B47 /* Frameworks */,
				0F12A47F2C20D036007E0B47 /* CopyFiles */,
			);
			buildRules = (
			);
			dependencies = (
			);
			name = CommandLineTool;
			productName = CommandLineTool;
			productReference = 0F12A4812C20D036007E0B47 /* CommandLineTool */;
			productType = "com.apple.product-type.tool";
		};
		0F12A49E2C20DC99007E0B47 /* XPCService */ = {
			isa = PBXNativeTarget;
			buildConfigurationList = 0F12A4AD2C20DC9A007E0B47 /* Build configuration list for PBXNativeTarget "XPCService" */;
			buildPhases = (
				0F12A49B2C20DC99007E0B47 /* Sources */,
				0F12A49C2C20DC99007E0B47 /* Frameworks */,
				0F12A49D2C20DC99007E0B47 /* Resources */,
			);
			buildRules = (
			);
			dependencies = (
				0F141DCC2C236B7A0022F125 /* PBXTargetDependency */,
			);
			name = XPCService;
			productName = XPCService;
			productReference = 0F12A49F2C20DC99007E0B47 /* XPCService.xpc */;
			productType = "com.apple.product-type.xpc-service";
		};
		0F12A4CE2C235AD5007E0B47 /* ExamplePlugin */ = {
			isa = PBXNativeTarget;
			buildConfigurationList = 0F12A4D02C235AD5007E0B47 /* Build configuration list for PBXNativeTarget "ExamplePlugin" */;
			buildPhases = (
				0F12A4CB2C235AD5007E0B47 /* Sources */,
				0F12A4CC2C235AD5007E0B47 /* Frameworks */,
				0F12A4CD2C235AD5007E0B47 /* Resources */,
			);
			buildRules = (
			);
			dependencies = (
				0F141DD12C236BBF0022F125 /* PBXTargetDependency */,
			);
			name = ExamplePlugin;
			productName = ExamplePlugin;
			productReference = 0F12A4CF2C235AD5007E0B47 /* ExamplePlugin.bundle */;
			productType = "com.apple.product-type.bundle";
		};
		0F141DBA2C236B230022F125 /* SharedFramework */ = {
			isa = PBXNativeTarget;
			buildConfigurationList = 0F141DC62C236B230022F125 /* Build configuration list for PBXNativeTarget "SharedFramework" */;
			buildPhases = (
				0F141DB62C236B230022F125 /* Headers */,
				0F141DB72C236B230022F125 /* Sources */,
				0F141DB82C236B230022F125 /* Frameworks */,
				0F141DB92C236B230022F125 /* Resources */,
			);
			buildRules = (
			);
			dependencies = (
			);
			name = SharedFramework;
			productName = SharedFramework;
			productReference = 0F141DBB2C236B230022F125 /* SharedFramework.framework */;
			productType = "com.apple.product-type.framework";
		};
/* End PBXNativeTarget section */

/* Begin PBXProject section */
		0F12A4162C20C91A007E0B47 /* Project object */ = {
			isa = PBXProject;
			attributes = {
				BuildIndependentTargetsInParallel = 1;
				LastSwiftUpdateCheck = 1600;
				LastUpgradeCheck = 1600;
				TargetAttributes = {
					0F12A41D2C20C91A007E0B47 = {
						CreatedOnToolsVersion = 16.0;
					};
					0F12A4802C20D036007E0B47 = {
						CreatedOnToolsVersion = 16.0;
					};
					0F12A49E2C20DC99007E0B47 = {
						CreatedOnToolsVersion = 16.0;
					};
					0F12A4CE2C235AD5007E0B47 = {
						CreatedOnToolsVersion = 16.0;
					};
					0F141DBA2C236B230022F125 = {
						CreatedOnToolsVersion = 16.0;
					};
				};
			};
			buildConfigurationList = 0F12A4192C20C91A007E0B47 /* Build configuration list for PBXProject "SparkleTestApp" */;
			compatibilityVersion = "Xcode 15.0";
			developmentRegion = en;
			hasScannedForEncodings = 0;
			knownRegions = (
				en,
				Base,
			);
			mainGroup = 0F12A4152C20C91A007E0B47;
			packageReferences = (
				0F12A4302C20C980007E0B47 /* XCRemoteSwiftPackageReference "Sparkle" */,
			);
			productRefGroup = 0F12A41F2C20C91A007E0B47 /* Products */;
			projectDirPath = "";
			projectRoot = "";
			targets = (
				0F12A41D2C20C91A007E0B47 /* SparkleTestApp */,
				0F12A4802C20D036007E0B47 /* CommandLineTool */,
				0F12A49E2C20DC99007E0B47 /* XPCService */,
				0F12A4CE2C235AD5007E0B47 /* ExamplePlugin */,
				0F141DBA2C236B230022F125 /* SharedFramework */,
			);
		};
/* End PBXProject section */

/* Begin PBXResourcesBuildPhase section */
		0F12A41C2C20C91A007E0B47 /* Resources */ = {
			isa = PBXResourcesBuildPhase;
			buildActionMask = 2147483647;
			files = (
				0F12A4292C20C91B007E0B47 /* Preview Assets.xcassets in Resources */,
				0F12A4262C20C91B007E0B47 /* Assets.xcassets in Resources */,
			);
			runOnlyForDeploymentPostprocessing = 0;
		};
		0F12A49D2C20DC99007E0B47 /* Resources */ = {
			isa = PBXResourcesBuildPhase;
			buildActionMask = 2147483647;
			files = (
			);
			runOnlyForDeploymentPostprocessing = 0;
		};
		0F12A4CD2C235AD5007E0B47 /* Resources */ = {
			isa = PBXResourcesBuildPhase;
			buildActionMask = 2147483647;
			files = (
			);
			runOnlyForDeploymentPostprocessing = 0;
		};
		0F141DB92C236B230022F125 /* Resources */ = {
			isa = PBXResourcesBuildPhase;
			buildActionMask = 2147483647;
			files = (
			);
			runOnlyForDeploymentPostprocessing = 0;
		};
/* End PBXResourcesBuildPhase section */

/* Begin PBXSourcesBuildPhase section */
		0F12A41A2C20C91A007E0B47 /* Sources */ = {
			isa = PBXSourcesBuildPhase;
			buildActionMask = 2147483647;
			files = (
				0F12A48F2C20D1D5007E0B47 /* AppViewModel.swift in Sources */,
				0F12A4482C20CA08007E0B47 /* MainMenu.swift in Sources */,
				0F12A4382C20C9CB007E0B47 /* AppDelegate.swift in Sources */,
				0F12A4352C20C9A5007E0B47 /* main.swift in Sources */,
				0F12A4242C20C91A007E0B47 /* AppView.swift in Sources */,
			);
			runOnlyForDeploymentPostprocessing = 0;
		};
		0F12A47D2C20D036007E0B47 /* Sources */ = {
			isa = PBXSourcesBuildPhase;
			buildActionMask = 2147483647;
			files = (
				0F12A4842C20D036007E0B47 /* main.swift in Sources */,
			);
			runOnlyForDeploymentPostprocessing = 0;
		};
		0F12A49B2C20DC99007E0B47 /* Sources */ = {
			isa = PBXSourcesBuildPhase;
			buildActionMask = 2147483647;
			files = (
				0F12A4A22C20DC99007E0B47 /* XPCService.swift in Sources */,
				0F12A4A62C20DC9A007E0B47 /* main.swift in Sources */,
			);
			runOnlyForDeploymentPostprocessing = 0;
		};
		0F12A4CB2C235AD5007E0B47 /* Sources */ = {
			isa = PBXSourcesBuildPhase;
			buildActionMask = 2147483647;
			files = (
				0F12A4D92C235C5F007E0B47 /* ExamplePlugin.swift in Sources */,
			);
			runOnlyForDeploymentPostprocessing = 0;
		};
		0F141DB72C236B230022F125 /* Sources */ = {
			isa = PBXSourcesBuildPhase;
			buildActionMask = 2147483647;
			files = (
				0F141DC82C236B480022F125 /* Plugin.swift in Sources */,
				0F141DC72C236B3E0022F125 /* XPCServiceProtocol.swift in Sources */,
			);
			runOnlyForDeploymentPostprocessing = 0;
		};
/* End PBXSourcesBuildPhase section */

/* Begin PBXTargetDependency section */
		0F12A4AA2C20DC9A007E0B47 /* PBXTargetDependency */ = {
			isa = PBXTargetDependency;
			target = 0F12A49E2C20DC99007E0B47 /* XPCService */;
			targetProxy = 0F12A4A92C20DC9A007E0B47 /* PBXContainerItemProxy */;
		};
		0F141DC02C236B230022F125 /* PBXTargetDependency */ = {
			isa = PBXTargetDependency;
			target = 0F141DBA2C236B230022F125 /* SharedFramework */;
			targetProxy = 0F141DBF2C236B230022F125 /* PBXContainerItemProxy */;
		};
		0F141DCC2C236B7A0022F125 /* PBXTargetDependency */ = {
			isa = PBXTargetDependency;
			target = 0F141DBA2C236B230022F125 /* SharedFramework */;
			targetProxy = 0F141DCB2C236B7A0022F125 /* PBXContainerItemProxy */;
		};
		0F141DD12C236BBF0022F125 /* PBXTargetDependency */ = {
			isa = PBXTargetDependency;
			target = 0F141DBA2C236B230022F125 /* SharedFramework */;
			targetProxy = 0F141DD02C236BBF0022F125 /* PBXContainerItemProxy */;
		};
/* End PBXTargetDependency section */

/* Begin XCBuildConfiguration section */
		0F12A42B2C20C91B007E0B47 /* Debug */ = {
			isa = XCBuildConfiguration;
			buildSettings = {
				ALWAYS_SEARCH_USER_PATHS = NO;
				ASSETCATALOG_COMPILER_GENERATE_SWIFT_ASSET_SYMBOL_EXTENSIONS = YES;
				CLANG_ANALYZER_NONNULL = YES;
				CLANG_ANALYZER_NUMBER_OBJECT_CONVERSION = YES_AGGRESSIVE;
				CLANG_CXX_LANGUAGE_STANDARD = "gnu++20";
				CLANG_ENABLE_MODULES = YES;
				CLANG_ENABLE_OBJC_ARC = YES;
				CLANG_ENABLE_OBJC_WEAK = YES;
				CLANG_WARN_BLOCK_CAPTURE_AUTORELEASING = YES;
				CLANG_WARN_BOOL_CONVERSION = YES;
				CLANG_WARN_COMMA = YES;
				CLANG_WARN_CONSTANT_CONVERSION = YES;
				CLANG_WARN_DEPRECATED_OBJC_IMPLEMENTATIONS = YES;
				CLANG_WARN_DIRECT_OBJC_ISA_USAGE = YES_ERROR;
				CLANG_WARN_DOCUMENTATION_COMMENTS = YES;
				CLANG_WARN_EMPTY_BODY = YES;
				CLANG_WARN_ENUM_CONVERSION = YES;
				CLANG_WARN_INFINITE_RECURSION = YES;
				CLANG_WARN_INT_CONVERSION = YES;
				CLANG_WARN_NON_LITERAL_NULL_CONVERSION = YES;
				CLANG_WARN_OBJC_IMPLICIT_RETAIN_SELF = YES;
				CLANG_WARN_OBJC_LITERAL_CONVERSION = YES;
				CLANG_WARN_OBJC_ROOT_CLASS = YES_ERROR;
				CLANG_WARN_QUOTED_INCLUDE_IN_FRAMEWORK_HEADER = YES;
				CLANG_WARN_RANGE_LOOP_ANALYSIS = YES;
				CLANG_WARN_STRICT_PROTOTYPES = YES;
				CLANG_WARN_SUSPICIOUS_MOVE = YES;
				CLANG_WARN_UNGUARDED_AVAILABILITY = YES_AGGRESSIVE;
				CLANG_WARN_UNREACHABLE_CODE = YES;
				CLANG_WARN__DUPLICATE_METHOD_MATCH = YES;
				COPY_PHASE_STRIP = NO;
				DEBUG_INFORMATION_FORMAT = dwarf;
				ENABLE_STRICT_OBJC_MSGSEND = YES;
				ENABLE_TESTABILITY = YES;
				ENABLE_USER_SCRIPT_SANDBOXING = YES;
				GCC_C_LANGUAGE_STANDARD = gnu17;
				GCC_DYNAMIC_NO_PIC = NO;
				GCC_NO_COMMON_BLOCKS = YES;
				GCC_OPTIMIZATION_LEVEL = 0;
				GCC_PREPROCESSOR_DEFINITIONS = (
					"DEBUG=1",
					"$(inherited)",
				);
				GCC_WARN_64_TO_32_BIT_CONVERSION = YES;
				GCC_WARN_ABOUT_RETURN_TYPE = YES_ERROR;
				GCC_WARN_UNDECLARED_SELECTOR = YES;
				GCC_WARN_UNINITIALIZED_AUTOS = YES_AGGRESSIVE;
				GCC_WARN_UNUSED_FUNCTION = YES;
				GCC_WARN_UNUSED_VARIABLE = YES;
				LOCALIZATION_PREFERS_STRING_CATALOGS = YES;
				MACOSX_DEPLOYMENT_TARGET = 15.0;
				MTL_ENABLE_DEBUG_INFO = INCLUDE_SOURCE;
				MTL_FAST_MATH = YES;
				ONLY_ACTIVE_ARCH = YES;
				SDKROOT = macosx;
				SWIFT_ACTIVE_COMPILATION_CONDITIONS = "DEBUG $(inherited)";
				SWIFT_OPTIMIZATION_LEVEL = "-Onone";
			};
			name = Debug;
		};
		0F12A42C2C20C91B007E0B47 /* Release */ = {
			isa = XCBuildConfiguration;
			buildSettings = {
				ALWAYS_SEARCH_USER_PATHS = NO;
				ASSETCATALOG_COMPILER_GENERATE_SWIFT_ASSET_SYMBOL_EXTENSIONS = YES;
				CLANG_ANALYZER_NONNULL = YES;
				CLANG_ANALYZER_NUMBER_OBJECT_CONVERSION = YES_AGGRESSIVE;
				CLANG_CXX_LANGUAGE_STANDARD = "gnu++20";
				CLANG_ENABLE_MODULES = YES;
				CLANG_ENABLE_OBJC_ARC = YES;
				CLANG_ENABLE_OBJC_WEAK = YES;
				CLANG_WARN_BLOCK_CAPTURE_AUTORELEASING = YES;
				CLANG_WARN_BOOL_CONVERSION = YES;
				CLANG_WARN_COMMA = YES;
				CLANG_WARN_CONSTANT_CONVERSION = YES;
				CLANG_WARN_DEPRECATED_OBJC_IMPLEMENTATIONS = YES;
				CLANG_WARN_DIRECT_OBJC_ISA_USAGE = YES_ERROR;
				CLANG_WARN_DOCUMENTATION_COMMENTS = YES;
				CLANG_WARN_EMPTY_BODY = YES;
				CLANG_WARN_ENUM_CONVERSION = YES;
				CLANG_WARN_INFINITE_RECURSION = YES;
				CLANG_WARN_INT_CONVERSION = YES;
				CLANG_WARN_NON_LITERAL_NULL_CONVERSION = YES;
				CLANG_WARN_OBJC_IMPLICIT_RETAIN_SELF = YES;
				CLANG_WARN_OBJC_LITERAL_CONVERSION = YES;
				CLANG_WARN_OBJC_ROOT_CLASS = YES_ERROR;
				CLANG_WARN_QUOTED_INCLUDE_IN_FRAMEWORK_HEADER = YES;
				CLANG_WARN_RANGE_LOOP_ANALYSIS = YES;
				CLANG_WARN_STRICT_PROTOTYPES = YES;
				CLANG_WARN_SUSPICIOUS_MOVE = YES;
				CLANG_WARN_UNGUARDED_AVAILABILITY = YES_AGGRESSIVE;
				CLANG_WARN_UNREACHABLE_CODE = YES;
				CLANG_WARN__DUPLICATE_METHOD_MATCH = YES;
				COPY_PHASE_STRIP = NO;
				DEBUG_INFORMATION_FORMAT = "dwarf-with-dsym";
				ENABLE_NS_ASSERTIONS = NO;
				ENABLE_STRICT_OBJC_MSGSEND = YES;
				ENABLE_USER_SCRIPT_SANDBOXING = YES;
				GCC_C_LANGUAGE_STANDARD = gnu17;
				GCC_NO_COMMON_BLOCKS = YES;
				GCC_WARN_64_TO_32_BIT_CONVERSION = YES;
				GCC_WARN_ABOUT_RETURN_TYPE = YES_ERROR;
				GCC_WARN_UNDECLARED_SELECTOR = YES;
				GCC_WARN_UNINITIALIZED_AUTOS = YES_AGGRESSIVE;
				GCC_WARN_UNUSED_FUNCTION = YES;
				GCC_WARN_UNUSED_VARIABLE = YES;
				LOCALIZATION_PREFERS_STRING_CATALOGS = YES;
				MACOSX_DEPLOYMENT_TARGET = 15.0;
				MTL_ENABLE_DEBUG_INFO = NO;
				MTL_FAST_MATH = YES;
				SDKROOT = macosx;
				SWIFT_COMPILATION_MODE = wholemodule;
			};
			name = Release;
		};
		0F12A42E2C20C91B007E0B47 /* Debug */ = {
			isa = XCBuildConfiguration;
			buildSettings = {
				ASSETCATALOG_COMPILER_APPICON_NAME = AppIcon;
				ASSETCATALOG_COMPILER_GLOBAL_ACCENT_COLOR_NAME = AccentColor;
				CODE_SIGN_ENTITLEMENTS = SparkleTestApp/SparkleTestApp.entitlements;
				CODE_SIGN_STYLE = Automatic;
				COMBINE_HIDPI_IMAGES = YES;
				CURRENT_PROJECT_VERSION = 1;
				DEVELOPMENT_ASSET_PATHS = "\"SparkleTestApp/Preview Content\"";
				DEVELOPMENT_TEAM = YL77PVMV33;
				ENABLE_HARDENED_RUNTIME = YES;
				ENABLE_PREVIEWS = YES;
				GENERATE_INFOPLIST_FILE = YES;
				INFOPLIST_FILE = SparkleTestApp/Info.plist;
				INFOPLIST_KEY_NSHumanReadableCopyright = "";
				LD_RUNPATH_SEARCH_PATHS = (
					"$(inherited)",
					"@executable_path/../Frameworks",
				);
				MACOSX_DEPLOYMENT_TARGET = 14.0;
				MARKETING_VERSION = 1.0;
				PRODUCT_BUNDLE_IDENTIFIER = com.hadiidbouk.SparkleTestApp;
				PRODUCT_NAME = "$(TARGET_NAME)";
				SWIFT_EMIT_LOC_STRINGS = YES;
				SWIFT_VERSION = 6.0;
			};
			name = Debug;
		};
		0F12A42F2C20C91B007E0B47 /* Release */ = {
			isa = XCBuildConfiguration;
			buildSettings = {
				ASSETCATALOG_COMPILER_APPICON_NAME = AppIcon;
				ASSETCATALOG_COMPILER_GLOBAL_ACCENT_COLOR_NAME = AccentColor;
				CODE_SIGN_ENTITLEMENTS = SparkleTestApp/SparkleTestApp.entitlements;
				CODE_SIGN_STYLE = Automatic;
				COMBINE_HIDPI_IMAGES = YES;
				CURRENT_PROJECT_VERSION = 1;
				DEVELOPMENT_ASSET_PATHS = "\"SparkleTestApp/Preview Content\"";
				DEVELOPMENT_TEAM = YL77PVMV33;
				ENABLE_HARDENED_RUNTIME = YES;
				ENABLE_PREVIEWS = YES;
				GENERATE_INFOPLIST_FILE = YES;
				INFOPLIST_FILE = SparkleTestApp/Info.plist;
				INFOPLIST_KEY_NSHumanReadableCopyright = "";
				LD_RUNPATH_SEARCH_PATHS = (
					"$(inherited)",
					"@executable_path/../Frameworks",
				);
				MACOSX_DEPLOYMENT_TARGET = 14.0;
				MARKETING_VERSION = 1.0;
				PRODUCT_BUNDLE_IDENTIFIER = com.hadiidbouk.SparkleTestApp;
				PRODUCT_NAME = "$(TARGET_NAME)";
				SWIFT_EMIT_LOC_STRINGS = YES;
				SWIFT_VERSION = 6.0;
			};
			name = Release;
		};
		0F12A4862C20D036007E0B47 /* Debug */ = {
			isa = XCBuildConfiguration;
			buildSettings = {
				CODE_SIGN_STYLE = Automatic;
				DEVELOPMENT_TEAM = YL77PVMV33;
				ENABLE_HARDENED_RUNTIME = YES;
				MACOSX_DEPLOYMENT_TARGET = 14.0;
				PRODUCT_NAME = "$(TARGET_NAME)";
				SWIFT_VERSION = 6.0;
			};
			name = Debug;
		};
		0F12A4872C20D036007E0B47 /* Release */ = {
			isa = XCBuildConfiguration;
			buildSettings = {
				CODE_SIGN_STYLE = Automatic;
				DEVELOPMENT_TEAM = YL77PVMV33;
				ENABLE_HARDENED_RUNTIME = YES;
				MACOSX_DEPLOYMENT_TARGET = 14.0;
				PRODUCT_NAME = "$(TARGET_NAME)";
				SWIFT_VERSION = 6.0;
			};
			name = Release;
		};
		0F12A4AE2C20DC9A007E0B47 /* Debug */ = {
			isa = XCBuildConfiguration;
			buildSettings = {
				CODE_SIGN_ENTITLEMENTS = XPCService/XPCService.entitlements;
				"CODE_SIGN_IDENTITY[sdk=macosx*]" = "-";
				CODE_SIGN_STYLE = Automatic;
				COMBINE_HIDPI_IMAGES = YES;
				CURRENT_PROJECT_VERSION = 1;
				DEVELOPMENT_TEAM = YL77PVMV33;
				ENABLE_HARDENED_RUNTIME = YES;
				GENERATE_INFOPLIST_FILE = YES;
				INFOPLIST_FILE = XPCService/Info.plist;
				INFOPLIST_KEY_CFBundleDisplayName = XPCService;
				INFOPLIST_KEY_NSHumanReadableCopyright = "";
				MACOSX_DEPLOYMENT_TARGET = 14.0;
				MARKETING_VERSION = 1.0;
				PRODUCT_BUNDLE_IDENTIFIER = com.hadiidbouk.xpcservice;
				PRODUCT_NAME = "$(TARGET_NAME)";
				SKIP_INSTALL = YES;
				SWIFT_EMIT_LOC_STRINGS = YES;
				SWIFT_VERSION = 6.0;
			};
			name = Debug;
		};
		0F12A4AF2C20DC9A007E0B47 /* Release */ = {
			isa = XCBuildConfiguration;
			buildSettings = {
				CODE_SIGN_ENTITLEMENTS = XPCService/XPCService.entitlements;
				"CODE_SIGN_IDENTITY[sdk=macosx*]" = "-";
				CODE_SIGN_STYLE = Automatic;
				COMBINE_HIDPI_IMAGES = YES;
				CURRENT_PROJECT_VERSION = 1;
				DEVELOPMENT_TEAM = YL77PVMV33;
				ENABLE_HARDENED_RUNTIME = YES;
				GENERATE_INFOPLIST_FILE = YES;
				INFOPLIST_FILE = XPCService/Info.plist;
				INFOPLIST_KEY_CFBundleDisplayName = XPCService;
				INFOPLIST_KEY_NSHumanReadableCopyright = "";
				MACOSX_DEPLOYMENT_TARGET = 14.0;
				MARKETING_VERSION = 1.0;
				PRODUCT_BUNDLE_IDENTIFIER = com.hadiidbouk.xpcservice;
				PRODUCT_NAME = "$(TARGET_NAME)";
				SKIP_INSTALL = YES;
				SWIFT_EMIT_LOC_STRINGS = YES;
				SWIFT_VERSION = 6.0;
			};
			name = Release;
		};
		0F12A4D12C235AD5007E0B47 /* Debug */ = {
			isa = XCBuildConfiguration;
			buildSettings = {
				CODE_SIGN_STYLE = Automatic;
				COMBINE_HIDPI_IMAGES = YES;
				CURRENT_PROJECT_VERSION = 1;
				DEFINES_MODULE = NO;
				DEVELOPMENT_TEAM = YL77PVMV33;
				GENERATE_INFOPLIST_FILE = YES;
				INFOPLIST_KEY_NSHumanReadableCopyright = "";
				INFOPLIST_KEY_NSPrincipalClass = ExamplePlugin.ExamplePlugin;
				INSTALL_PATH = "$(LOCAL_LIBRARY_DIR)/Bundles";
				MARKETING_VERSION = 1.0;
				PRODUCT_BUNDLE_IDENTIFIER = com.hadiidbouk.ExamplePlugin;
				PRODUCT_NAME = "$(TARGET_NAME)";
				SKIP_INSTALL = YES;
				SWIFT_EMIT_LOC_STRINGS = YES;
				SWIFT_VERSION = 6.0;
				WRAPPER_EXTENSION = bundle;
			};
			name = Debug;
		};
		0F12A4D22C235AD5007E0B47 /* Release */ = {
			isa = XCBuildConfiguration;
			buildSettings = {
				CODE_SIGN_STYLE = Automatic;
				COMBINE_HIDPI_IMAGES = YES;
				CURRENT_PROJECT_VERSION = 1;
				DEFINES_MODULE = NO;
				DEVELOPMENT_TEAM = YL77PVMV33;
				GENERATE_INFOPLIST_FILE = YES;
				INFOPLIST_KEY_NSHumanReadableCopyright = "";
				INFOPLIST_KEY_NSPrincipalClass = ExamplePlugin.ExamplePlugin;
				INSTALL_PATH = "$(LOCAL_LIBRARY_DIR)/Bundles";
				MARKETING_VERSION = 1.0;
				PRODUCT_BUNDLE_IDENTIFIER = com.hadiidbouk.ExamplePlugin;
				PRODUCT_NAME = "$(TARGET_NAME)";
				SKIP_INSTALL = YES;
				SWIFT_EMIT_LOC_STRINGS = YES;
				SWIFT_VERSION = 6.0;
				WRAPPER_EXTENSION = bundle;
			};
			name = Release;
		};
		0F141DC42C236B230022F125 /* Debug */ = {
			isa = XCBuildConfiguration;
			buildSettings = {
				BUILD_LIBRARY_FOR_DISTRIBUTION = YES;
				CODE_SIGN_STYLE = Automatic;
				COMBINE_HIDPI_IMAGES = YES;
				CURRENT_PROJECT_VERSION = 1;
				DEFINES_MODULE = YES;
				DEVELOPMENT_TEAM = YL77PVMV33;
				DYLIB_COMPATIBILITY_VERSION = 1;
				DYLIB_CURRENT_VERSION = 1;
				DYLIB_INSTALL_NAME_BASE = "@rpath";
				ENABLE_MODULE_VERIFIER = YES;
				GENERATE_INFOPLIST_FILE = YES;
				INFOPLIST_KEY_NSHumanReadableCopyright = "";
				INSTALL_PATH = "$(LOCAL_LIBRARY_DIR)/Frameworks";
				LD_RUNPATH_SEARCH_PATHS = (
					"$(inherited)",
					"@executable_path/../Frameworks",
					"@loader_path/Frameworks",
				);
				MARKETING_VERSION = 1.0;
				MODULE_VERIFIER_SUPPORTED_LANGUAGES = "objective-c objective-c++";
				MODULE_VERIFIER_SUPPORTED_LANGUAGE_STANDARDS = "gnu17 gnu++20";
				PRODUCT_BUNDLE_IDENTIFIER = com.hadiidbouk.SharedFramework;
				PRODUCT_NAME = "$(TARGET_NAME:c99extidentifier)";
				SKIP_INSTALL = YES;
				SWIFT_EMIT_LOC_STRINGS = YES;
				SWIFT_INSTALL_OBJC_HEADER = NO;
				SWIFT_VERSION = 5.0;
				VERSIONING_SYSTEM = "apple-generic";
				VERSION_INFO_PREFIX = "";
			};
			name = Debug;
		};
		0F141DC52C236B230022F125 /* Release */ = {
			isa = XCBuildConfiguration;
			buildSettings = {
				BUILD_LIBRARY_FOR_DISTRIBUTION = YES;
				CODE_SIGN_STYLE = Automatic;
				COMBINE_HIDPI_IMAGES = YES;
				CURRENT_PROJECT_VERSION = 1;
				DEFINES_MODULE = YES;
				DEVELOPMENT_TEAM = YL77PVMV33;
				DYLIB_COMPATIBILITY_VERSION = 1;
				DYLIB_CURRENT_VERSION = 1;
				DYLIB_INSTALL_NAME_BASE = "@rpath";
				ENABLE_MODULE_VERIFIER = YES;
				GENERATE_INFOPLIST_FILE = YES;
				INFOPLIST_KEY_NSHumanReadableCopyright = "";
				INSTALL_PATH = "$(LOCAL_LIBRARY_DIR)/Frameworks";
				LD_RUNPATH_SEARCH_PATHS = (
					"$(inherited)",
					"@executable_path/../Frameworks",
					"@loader_path/Frameworks",
				);
				MARKETING_VERSION = 1.0;
				MODULE_VERIFIER_SUPPORTED_LANGUAGES = "objective-c objective-c++";
				MODULE_VERIFIER_SUPPORTED_LANGUAGE_STANDARDS = "gnu17 gnu++20";
				PRODUCT_BUNDLE_IDENTIFIER = com.hadiidbouk.SharedFramework;
				PRODUCT_NAME = "$(TARGET_NAME:c99extidentifier)";
				SKIP_INSTALL = YES;
				SWIFT_EMIT_LOC_STRINGS = YES;
				SWIFT_INSTALL_OBJC_HEADER = NO;
				SWIFT_VERSION = 5.0;
				VERSIONING_SYSTEM = "apple-generic";
				VERSION_INFO_PREFIX = "";
			};
			name = Release;
		};
/* End XCBuildConfiguration section */

/* Begin XCConfigurationList section */
		0F12A4192C20C91A007E0B47 /* Build configuration list for PBXProject "SparkleTestApp" */ = {
			isa = XCConfigurationList;
			buildConfigurations = (
				0F12A42B2C20C91B007E0B47 /* Debug */,
				0F12A42C2C20C91B007E0B47 /* Release */,
			);
			defaultConfigurationIsVisible = 0;
			defaultConfigurationName = Release;
		};
		0F12A42D2C20C91B007E0B47 /* Build configuration list for PBXNativeTarget "SparkleTestApp" */ = {
			isa = XCConfigurationList;
			buildConfigurations = (
				0F12A42E2C20C91B007E0B47 /* Debug */,
				0F12A42F2C20C91B007E0B47 /* Release */,
			);
			defaultConfigurationIsVisible = 0;
			defaultConfigurationName = Release;
		};
		0F12A4852C20D036007E0B47 /* Build configuration list for PBXNativeTarget "CommandLineTool" */ = {
			isa = XCConfigurationList;
			buildConfigurations = (
				0F12A4862C20D036007E0B47 /* Debug */,
				0F12A4872C20D036007E0B47 /* Release */,
			);
			defaultConfigurationIsVisible = 0;
			defaultConfigurationName = Release;
		};
		0F12A4AD2C20DC9A007E0B47 /* Build configuration list for PBXNativeTarget "XPCService" */ = {
			isa = XCConfigurationList;
			buildConfigurations = (
				0F12A4AE2C20DC9A007E0B47 /* Debug */,
				0F12A4AF2C20DC9A007E0B47 /* Release */,
			);
			defaultConfigurationIsVisible = 0;
			defaultConfigurationName = Release;
		};
		0F12A4D02C235AD5007E0B47 /* Build configuration list for PBXNativeTarget "ExamplePlugin" */ = {
			isa = XCConfigurationList;
			buildConfigurations = (
				0F12A4D12C235AD5007E0B47 /* Debug */,
				0F12A4D22C235AD5007E0B47 /* Release */,
			);
			defaultConfigurationIsVisible = 0;
			defaultConfigurationName = Release;
		};
		0F141DC62C236B230022F125 /* Build configuration list for PBXNativeTarget "SharedFramework" */ = {
			isa = XCConfigurationList;
			buildConfigurations = (
				0F141DC42C236B230022F125 /* Debug */,
				0F141DC52C236B230022F125 /* Release */,
			);
			defaultConfigurationIsVisible = 0;
			defaultConfigurationName = Release;
		};
/* End XCConfigurationList section */

/* Begin XCRemoteSwiftPackageReference section */
		0F12A4302C20C980007E0B47 /* XCRemoteSwiftPackageReference "Sparkle" */ = {
			isa = XCRemoteSwiftPackageReference;
			repositoryURL = "https://github.com/sparkle-project/Sparkle";
			requirement = {
				kind = upToNextMajorVersion;
				minimumVersion = 2.6.3;
			};
		};
/* End XCRemoteSwiftPackageReference section */

/* Begin XCSwiftPackageProductDependency section */
		0F12A4312C20C980007E0B47 /* Sparkle */ = {
			isa = XCSwiftPackageProductDependency;
			package = 0F12A4302C20C980007E0B47 /* XCRemoteSwiftPackageReference "Sparkle" */;
			productName = Sparkle;
		};
/* End XCSwiftPackageProductDependency section */
	};
	rootObject = 0F12A4162C20C91A007E0B47 /* Project object */;
}
